
Microsoft Visual Studio Solution File, Format Version 12.00
# Visual Studio Version 16
VisualStudioVersion = 16.0.30523.141
MinimumVisualStudioVersion = 10.0.40219.1
Project("{F184B08F-C81C-45F6-A57F-5ABD9991F28F}") = "HtmlDay2", "HtmlDay2\HtmlDay2.vbproj", "{414758CA-3AC0-4985-81E4-8B6FF98929EF}"
EndProject
Global
	GlobalSection(SolutionConfigurationPlatforms) = preSolution
		Debug|Any CPU = Debug|Any CPU
		Release|Any CPU = Release|Any CPU
	EndGlobalSection
	GlobalSection(ProjectConfigurationPlatforms) = postSolution
		{414758CA-3AC0-4985-81E4-8B6FF98929EF}.Debug|Any CPU.ActiveCfg = Debug|Any CPU
		{414758CA-3AC0-4985-81E4-8B6FF98929EF}.Debug|Any CPU.Build.0 = Debug|Any CPU
		{414758CA-3AC0-4985-81E4-8B6FF98929EF}.Release|Any CPU.ActiveCfg = Release|Any CPU
		{414758CA-3AC0-4985-81E4-8B6FF98929EF}.Release|Any CPU.Build.0 = Release|Any CPU
	EndGlobalSection
	GlobalSection(SolutionProperties) = preSolution
		HideSolutionNode = FALSE
	EndGlobalSection
	GlobalSection(ExtensibilityGlobals) = postSolution
		SolutionGuid = {434F53CD-D15D-4824-B3DC-F742E74465EB}
	EndGlobalSection
EndGlobal
